
Microsoft Visual Studio Solution File, Format Version 12.00
# Visual Studio Version 17
VisualStudioVersion = 17.8.34322.80
MinimumVisualStudioVersion = 10.0.40219.1
Project("{FAE04EC0-301F-11D3-BF4B-00C04F79EFBC}") = "AzureStorageApp", "AzureStorageApp.csproj", "{DB34E977-5AD1-4EB6-A4EA-4D2A8B31A32F}"
EndProject
Global
	GlobalSection(SolutionConfigurationPlatforms) = preSolution
		Debug|Any CPU = Debug|Any CPU
		Release|Any CPU = Release|Any CPU
	EndGlobalSection
	GlobalSection(ProjectConfigurationPlatforms) = postSolution
		{DB34E977-5AD1-4EB6-A4EA-4D2A8B31A32F}.Debug|Any CPU.ActiveCfg = Debug|Any CPU
		{DB34E977-5AD1-4EB6-A4EA-4D2A8B31A32F}.Debug|Any CPU.Build.0 = Debug|Any CPU
		{DB34E977-5AD1-4EB6-A4EA-4D2A8B31A32F}.Release|Any CPU.ActiveCfg = Release|Any CPU
		{DB34E977-5AD1-4EB6-A4EA-4D2A8B31A32F}.Release|Any CPU.Build.0 = Release|Any CPU
	EndGlobalSection
	GlobalSection(SolutionProperties) = preSolution
		HideSolutionNode = FALSE
	EndGlobalSection
	GlobalSection(ExtensibilityGlobals) = postSolution
		SolutionGuid = {142A0657-9700-4CFB-A5E4-38172D0D0E0F}
	EndGlobalSection
EndGlobal
